PODS:
  - Tor (408.13.1):
    - Tor/CTor (= 408.13.1)
  - Tor/Core (408.13.1)
  - Tor/CTor (408.13.1):
    - Tor/Core

DEPENDENCIES:
  - Tor

SPEC REPOS:
  trunk:
    - Tor

SPEC CHECKSUMS:
  Tor: d66126252c683db01fb971a1cf10303118a387c3

PODFILE CHECKSUM: 8b16bbc203e8d56dbd4735d0b0dcade99f1e207e

COCOAPODS: 1.15.2
