PODS:
  - Tor (408.12.1):
    - Tor/CTor (= 408.12.1)
  - Tor/Core (408.12.1)
  - Tor/CTor (408.12.1):
    - Tor/Core

DEPENDENCIES:
  - Tor

SPEC REPOS:
  trunk:
    - Tor

SPEC CHECKSUMS:
  Tor: 958cbe68eef90659339403e40e20d7610a9456dd

PODFILE CHECKSUM: 8b16bbc203e8d56dbd4735d0b0dcade99f1e207e

COCOAPODS: 1.15.2
