{
  "originHash" : "d6027455747e3655bde355f84c50d11dd140994dc30723cf695f18caacba65f6",
  "pins" : [
    {
      "identity" : "cryptoswift",
      "kind" : "remoteSourceControl",
      "location" : "https://github.com/krzyzanowskim/CryptoSwift.git",
      "state" : {
        "revision" : "c9c3df6ab812de32bae61fc0cd1bf6d45170ebf0",
        "version" : "1.8.2"
      }
    },
    {
      "identity" : "nostr-sdk-ios",
      "kind" : "remoteSourceControl",
      "location" : "https://github.com/nostr-sdk/nostr-sdk-ios.git",
      "state" : {
        "revision" : "afbfc4b3c347a72f9d467a6e213d22fa66a2f63e",
        "version" : "0.1.0"
      }
    },
    {
      "identity" : "secp256k1.swift",
      "kind" : "remoteSourceControl",
      "location" : "https://github.com/GigaBitcoin/secp256k1.swift",
      "state" : {
        "revision" : "9683e8e311c76d8114cd308b697dad2f9fc58fed",
        "version" : "0.17.0"
      }
    },
    {
      "identity" : "swiftuicoreimage",
      "kind" : "remoteSourceControl",
      "location" : "https://github.com/danwood/SwiftUICoreImage.git",
      "state" : {
        "revision" : "87c6dfcf6c0bd87097984348062979caab458ac3"
      }
    }
  ],
  "version" : 3
}
